
Microsoft Visual Studio Solution File, Format Version 12.00
# Visual Studio Version 16
VisualStudioVersion = 16.0.32106.194
MinimumVisualStudioVersion = 10.0.40219.1
Project("{FAE04EC0-301F-11D3-BF4B-00C04F79EFBC}") = "CSharpPOO1", "CSharpPOO1\CSharpPOO1.csproj", "{27F0BFF7-5F54-4B98-B929-D94F5CED67A7}"
EndProject
Global
	GlobalSection(SolutionConfigurationPlatforms) = preSolution
		Debug|Any CPU = Debug|Any CPU
		Release|Any CPU = Release|Any CPU
	EndGlobalSection
	GlobalSection(ProjectConfigurationPlatforms) = postSolution
		{27F0BFF7-5F54-4B98-B929-D94F5CED67A7}.Debug|Any CPU.ActiveCfg = Debug|Any CPU
		{27F0BFF7-5F54-4B98-B929-D94F5CED67A7}.Debug|Any CPU.Build.0 = Debug|Any CPU
		{27F0BFF7-5F54-4B98-B929-D94F5CED67A7}.Release|Any CPU.ActiveCfg = Release|Any CPU
		{27F0BFF7-5F54-4B98-B929-D94F5CED67A7}.Release|Any CPU.Build.0 = Release|Any CPU
	EndGlobalSection
	GlobalSection(SolutionProperties) = preSolution
		HideSolutionNode = FALSE
	EndGlobalSection
	GlobalSection(ExtensibilityGlobals) = postSolution
		SolutionGuid = {8613AE75-7BF2-43C9-A6C0-D96F8785391E}
	EndGlobalSection
EndGlobal
